<?xml version="1.0" encoding="utf-8"?>
<Project ToolsVersion="4.0" xmlns="http://schemas.microsoft.com/developer/msbuild/2003">
  <ItemGroup>
    <Filter Include="App">
      <UniqueIdentifier>{46D6870B-B2DF-877C-3B5B-9E7CA763937C}</UniqueIdentifier>
    </Filter>
    <Filter Include="Core">
      <UniqueIdentifier>{2EB4837C-1AEB-840D-C3D7-6A10AFED000F}</UniqueIdentifier>
    </Filter>
    <Filter Include="Core\ImGuiHelpers">
      <UniqueIdentifier>{4BEC6D74-B702-6C0A-007A-F72B6CCF3C92}</UniqueIdentifier>
    </Filter>
    <Filter Include="Core\Logger">
      <UniqueIdentifier>{3D8AF183-A93F-6A79-3234-64509EE8607D}</UniqueIdentifier>
    </Filter>
    <Filter Include="Core\PietInterpreter">
      <UniqueIdentifier>{A39B12E0-8F2A-9CA9-3849-B0A424B7AC4F}</UniqueIdentifier>
    </Filter>
    <Filter Include="Vendor">
      <UniqueIdentifier>{935FDCD7-7F01-07AE-68BC-1A0254FD8DFE}</UniqueIdentifier>
    </Filter>
    <Filter Include="Vendor\Optick">
      <UniqueIdentifier>{8C8D8DE2-F84D-0919-C188-52962D084EF5}</UniqueIdentifier>
    </Filter>
  </ItemGroup>
  <ItemGroup>
    <None Include="App\Build-EsoProg.lua">
      <Filter>App</Filter>
    </None>
    <None Include="Build.lua" />
    <None Include="Core\ImGuiHelpers\Build-ImGuiHelpers.lua">
      <Filter>Core\ImGuiHelpers</Filter>
    </None>
    <None Include="Core\Logger\Build-Logger.lua">
      <Filter>Core\Logger</Filter>
    </None>
    <None Include="Core\PietInterpreter\Build-PietInterpreter.lua">
      <Filter>Core\PietInterpreter</Filter>
    </None>
    <None Include="Vendor\Build-Externals.lua">
      <Filter>Vendor</Filter>
    </None>
    <None Include="Vendor\Optick\premake5.lua">
      <Filter>Vendor\Optick</Filter>
    </None>
  </ItemGroup>
</Project>